
Microsoft Visual Studio Solution File, Format Version 12.00
# Visual Studio Version 17
VisualStudioVersion = 17.14.36310.24 d17.14
MinimumVisualStudioVersion = 10.0.40219.1
Project("{FAE04EC0-301F-11D3-BF4B-00C04F79EFBC}") = "Task_4", "Task_4\Task_4.csproj", "{95D41164-C47C-41E9-9BD5-ED833CA449FE}"
EndProject
Global
	GlobalSection(SolutionConfigurationPlatforms) = preSolution
		Debug|Any CPU = Debug|Any CPU
		Release|Any CPU = Release|Any CPU
	EndGlobalSection
	GlobalSection(ProjectConfigurationPlatforms) = postSolution
		{95D41164-C47C-41E9-9BD5-ED833CA449FE}.Debug|Any CPU.ActiveCfg = Debug|Any CPU
		{95D41164-C47C-41E9-9BD5-ED833CA449FE}.Debug|Any CPU.Build.0 = Debug|Any CPU
		{95D41164-C47C-41E9-9BD5-ED833CA449FE}.Release|Any CPU.ActiveCfg = Release|Any CPU
		{95D41164-C47C-41E9-9BD5-ED833CA449FE}.Release|Any CPU.Build.0 = Release|Any CPU
	EndGlobalSection
	GlobalSection(SolutionProperties) = preSolution
		HideSolutionNode = FALSE
	EndGlobalSection
	GlobalSection(ExtensibilityGlobals) = postSolution
		SolutionGuid = {BC5B0BC1-4B62-4363-9A35-F6CD3C25F3FD}
	EndGlobalSection
EndGlobal
